
Microsoft Visual Studio Solution File, Format Version 12.00
# Visual Studio Version 17
VisualStudioVersion = 17.14.36414.22 d17.14
MinimumVisualStudioVersion = 10.0.40219.1
Project("{FAE04EC0-301F-11D3-BF4B-00C04F79EFBC}") = "SpaceDefendersGame", "SpaceDefendersGame.csproj", "{C68926D2-E4EB-415B-B7CE-E2A742658B2A}"
EndProject
Global
	GlobalSection(SolutionConfigurationPlatforms) = preSolution
		Debug|Any CPU = Debug|Any CPU
		Release|Any CPU = Release|Any CPU
	EndGlobalSection
	GlobalSection(ProjectConfigurationPlatforms) = postSolution
		{C68926D2-E4EB-415B-B7CE-E2A742658B2A}.Debug|Any CPU.ActiveCfg = Debug|Any CPU
		{C68926D2-E4EB-415B-B7CE-E2A742658B2A}.Debug|Any CPU.Build.0 = Debug|Any CPU
		{C68926D2-E4EB-415B-B7CE-E2A742658B2A}.Release|Any CPU.ActiveCfg = Release|Any CPU
		{C68926D2-E4EB-415B-B7CE-E2A742658B2A}.Release|Any CPU.Build.0 = Release|Any CPU
	EndGlobalSection
	GlobalSection(SolutionProperties) = preSolution
		HideSolutionNode = FALSE
	EndGlobalSection
	GlobalSection(ExtensibilityGlobals) = postSolution
		SolutionGuid = {CF912D54-6AD6-4728-BAE1-AFE5012185D7}
	EndGlobalSection
EndGlobal
